
Microsoft Visual Studio Solution File, Format Version 12.00
# Visual Studio 15
VisualStudioVersion = 15.0.27004.2000
MinimumVisualStudioVersion = 10.0.40219.1
Project("{FAE04EC0-301F-11D3-BF4B-00C04F79EFBC}") = "WebDI", "WebDI\WebDI.csproj", "{FA030544-00DE-4382-A938-C25173DE9728}"
EndProject
Global
	GlobalSection(SolutionConfigurationPlatforms) = preSolution
		Debug|Any CPU = Debug|Any CPU
		Release|Any CPU = Release|Any CPU
	EndGlobalSection
	GlobalSection(ProjectConfigurationPlatforms) = postSolution
		{FA030544-00DE-4382-A938-C25173DE9728}.Debug|Any CPU.ActiveCfg = Debug|Any CPU
		{FA030544-00DE-4382-A938-C25173DE9728}.Debug|Any CPU.Build.0 = Debug|Any CPU
		{FA030544-00DE-4382-A938-C25173DE9728}.Release|Any CPU.ActiveCfg = Release|Any CPU
		{FA030544-00DE-4382-A938-C25173DE9728}.Release|Any CPU.Build.0 = Release|Any CPU
	EndGlobalSection
	GlobalSection(SolutionProperties) = preSolution
		HideSolutionNode = FALSE
	EndGlobalSection
	GlobalSection(ExtensibilityGlobals) = postSolution
		SolutionGuid = {A21F5A05-676E-47F2-83D2-96BCAA48674C}
	EndGlobalSection
EndGlobal
